// !$*UTF8*$!
{
	archiveVersion = 1;
	classes = {
	};
	objectVersion = 56;
	objects = {

/* Begin PBXBuildFile section */
		BE1F469B29AEEFC4004F1790 /* oldCodeSavedForLater.swift in Sources */ = {isa = PBXBuildFile; fileRef = BE1F469A29AEEFC4004F1790 /* oldCodeSavedForLater.swift */; };
		BE1F469D29AEF040004F1790 /* Extensions.swift in Sources */ = {isa = PBXBuildFile; fileRef = BE1F469C29AEF040004F1790 /* Extensions.swift */; };
		BE9386AA299864770084A4D3 /* GenericPopUp.swift in Sources */ = {isa = PBXBuildFile; fileRef = BE9386A9299864770084A4D3 /* GenericPopUp.swift */; };
		BE9386AC299868AC0084A4D3 /* GenericButton.swift in Sources */ = {isa = PBXBuildFile; fileRef = BE9386AB299868AC0084A4D3 /* GenericButton.swift */; };
		BE9386B029986CB10084A4D3 /* CreateAccountView.swift in Sources */ = {isa = PBXBuildFile; fileRef = BE9386AF29986CB10084A4D3 /* CreateAccountView.swift */; };
		BE9386B2299875110084A4D3 /* ProfileInfoCard.swift in Sources */ = {isa = PBXBuildFile; fileRef = BE9386B1299875110084A4D3 /* ProfileInfoCard.swift */; };
		BE9386B529993EE70084A4D3 /* Lottie in Frameworks */ = {isa = PBXBuildFile; productRef = BE9386B429993EE70084A4D3 /* Lottie */; };
		BE9386B729993FCA0084A4D3 /* LottieView.swift in Sources */ = {isa = PBXBuildFile; fileRef = BE9386B629993FCA0084A4D3 /* LottieView.swift */; };
		BE9386BB299945260084A4D3 /* CubeFunAnim.json in Resources */ = {isa = PBXBuildFile; fileRef = BE9386BA299945260084A4D3 /* CubeFunAnim.json */; };
		BE9386BD299947B50084A4D3 /* anim_notes.json in Resources */ = {isa = PBXBuildFile; fileRef = BE9386BC299947B50084A4D3 /* anim_notes.json */; };
		BE9386BF299947D70084A4D3 /* anim_float.json in Resources */ = {isa = PBXBuildFile; fileRef = BE9386BE299947D70084A4D3 /* anim_float.json */; };
		BE9386C1299947EB0084A4D3 /* bus.json in Resources */ = {isa = PBXBuildFile; fileRef = BE9386C0299947EB0084A4D3 /* bus.json */; };
		BE9386C3299947F20084A4D3 /* cloud.json in Resources */ = {isa = PBXBuildFile; fileRef = BE9386C2299947F20084A4D3 /* cloud.json */; };
		BE9386C5299947F80084A4D3 /* error_bear.json in Resources */ = {isa = PBXBuildFile; fileRef = BE9386C4299947F80084A4D3 /* error_bear.json */; };
		BE9386C7299948000084A4D3 /* error_smiley.json in Resources */ = {isa = PBXBuildFile; fileRef = BE9386C6299948000084A4D3 /* error_smiley.json */; };
		BE9386C9299948070084A4D3 /* laughing_clown.json in Resources */ = {isa = PBXBuildFile; fileRef = BE9386C8299948070084A4D3 /* laughing_clown.json */; };
		BE9386CB2999480D0084A4D3 /* note_guy.json in Resources */ = {isa = PBXBuildFile; fileRef = BE9386CA2999480D0084A4D3 /* note_guy.json */; };
		BE9386CD299948120084A4D3 /* panda.json in Resources */ = {isa = PBXBuildFile; fileRef = BE9386CC299948120084A4D3 /* panda.json */; };
		BE9386CF299948330084A4D3 /* rover.json in Resources */ = {isa = PBXBuildFile; fileRef = BE9386CE299948330084A4D3 /* rover.json */; };
		BE9386D129995A250084A4D3 /* LoginView.swift in Sources */ = {isa = PBXBuildFile; fileRef = BE9386D029995A250084A4D3 /* LoginView.swift */; };
		BE9386D529995F0D0084A4D3 /* welcome1.json in Resources */ = {isa = PBXBuildFile; fileRef = BE9386D429995F0C0084A4D3 /* welcome1.json */; };
		BE9386DB2999645C0084A4D3 /* ForgotPasswordView.swift in Sources */ = {isa = PBXBuildFile; fileRef = BE9386DA2999645C0084A4D3 /* ForgotPasswordView.swift */; };
		BE9386DD299964C50084A4D3 /* GenericTextView.swift in Sources */ = {isa = PBXBuildFile; fileRef = BE9386DC299964C50084A4D3 /* GenericTextView.swift */; };
		BE98B0E729F9AE7E0074B520 /* GenTextField.swift in Sources */ = {isa = PBXBuildFile; fileRef = BE98B0E629F9AE7E0074B520 /* GenTextField.swift */; };
		BE98B0E929F9FBAF0074B520 /* MyYearPicker.swift in Sources */ = {isa = PBXBuildFile; fileRef = BE98B0E829F9FBAF0074B520 /* MyYearPicker.swift */; };
		BE98B0EB29F9FC4F0074B520 /* MyNotePicker.swift in Sources */ = {isa = PBXBuildFile; fileRef = BE98B0EA29F9FC4F0074B520 /* MyNotePicker.swift */; };
		BE98B0ED29F9FCC60074B520 /* MyDatePicker.swift in Sources */ = {isa = PBXBuildFile; fileRef = BE98B0EC29F9FCC60074B520 /* MyDatePicker.swift */; };
		BE98B0F029F9FD380074B520 /* DateFormatter.swift in Sources */ = {isa = PBXBuildFile; fileRef = BE98B0EF29F9FD380074B520 /* DateFormatter.swift */; };
		BE9AF49A29A1A7120039000D /* VehicleDetailView.swift in Sources */ = {isa = PBXBuildFile; fileRef = BE9AF49929A1A7120039000D /* VehicleDetailView.swift */; };
		BE9AF49C29A296610039000D /* VehicleCreationView.swift in Sources */ = {isa = PBXBuildFile; fileRef = BE9AF49B29A296610039000D /* VehicleCreationView.swift */; };
		BE9AF49E29A2D2B00039000D /* VehicleItem.swift in Sources */ = {isa = PBXBuildFile; fileRef = BE9AF49D29A2D2B00039000D /* VehicleItem.swift */; };
		BE9AF4A029A2D2F30039000D /* InventoryItem.swift in Sources */ = {isa = PBXBuildFile; fileRef = BE9AF49F29A2D2F30039000D /* InventoryItem.swift */; };
		BE9AF4A229A2D4070039000D /* Stack.swift in Sources */ = {isa = PBXBuildFile; fileRef = BE9AF4A129A2D4070039000D /* Stack.swift */; };
		BE9AF4A429A2D4E90039000D /* InventoryItemView.swift in Sources */ = {isa = PBXBuildFile; fileRef = BE9AF4A329A2D4E90039000D /* InventoryItemView.swift */; };
		BE9AF4A629A2D83D0039000D /* VehicleItemView.swift in Sources */ = {isa = PBXBuildFile; fileRef = BE9AF4A529A2D83D0039000D /* VehicleItemView.swift */; };
		BE9AF4A829A2DBCF0039000D /* PersistenceController.swift in Sources */ = {isa = PBXBuildFile; fileRef = BE9AF4A729A2DBCF0039000D /* PersistenceController.swift */; };
		BEB068072995CAD700958EEA /* InventoryAppApp.swift in Sources */ = {isa = PBXBuildFile; fileRef = BEB068062995CAD700958EEA /* InventoryAppApp.swift */; };
		BEB0680C2995CAD700958EEA /* InventoryApp.xcdatamodeld in Sources */ = {isa = PBXBuildFile; fileRef = BEB0680A2995CAD700958EEA /* InventoryApp.xcdatamodeld */; };
		BEB0680E2995CAD700958EEA /* ContentView.swift in Sources */ = {isa = PBXBuildFile; fileRef = BEB0680D2995CAD700958EEA /* ContentView.swift */; };
		BEB068102995CAD900958EEA /* Assets.xcassets in Resources */ = {isa = PBXBuildFile; fileRef = BEB0680F2995CAD900958EEA /* Assets.xcassets */; };
		BEB068142995CAD900958EEA /* Preview Assets.xcassets in Resources */ = {isa = PBXBuildFile; fileRef = BEB068132995CAD900958EEA /* Preview Assets.xcassets */; };
		BEB0681E2995CAD900958EEA /* InventoryAppTests.swift in Sources */ = {isa = PBXBuildFile; fileRef = BEB0681D2995CAD900958EEA /* InventoryAppTests.swift */; };
		BEB068282995CAD900958EEA /* InventoryAppUITests.swift in Sources */ = {isa = PBXBuildFile; fileRef = BEB068272995CAD900958EEA /* InventoryAppUITests.swift */; };
		BEB0682A2995CAD900958EEA /* InventoryAppUITestsLaunchTests.swift in Sources */ = {isa = PBXBuildFile; fileRef = BEB068292995CAD900958EEA /* InventoryAppUITestsLaunchTests.swift */; };
		BEB068372995D0A000958EEA /* GlobalConstants.swift in Sources */ = {isa = PBXBuildFile; fileRef = BEB068362995D0A000958EEA /* GlobalConstants.swift */; };
		BEB0683B2995D3F500958EEA /* BackgroundView.swift in Sources */ = {isa = PBXBuildFile; fileRef = BEB0683A2995D3F500958EEA /* BackgroundView.swift */; };
		BEB068412995D88D00958EEA /* Strings.swift in Sources */ = {isa = PBXBuildFile; fileRef = BEB068402995D88D00958EEA /* Strings.swift */; };
		BEB3667E29D5E04100C44FBE /* IOS15TextField.swift in Sources */ = {isa = PBXBuildFile; fileRef = BEB3667D29D5E04100C44FBE /* IOS15TextField.swift */; };
		BEC52B4D29D224A60061B0D4 /* Launch Screen.storyboard in Resources */ = {isa = PBXBuildFile; fileRef = BEC52B4C29D224A60061B0D4 /* Launch Screen.storyboard */; };
		BEC52B4F29D23ADE0061B0D4 /* SplashScreen.swift in Sources */ = {isa = PBXBuildFile; fileRef = BEC52B4E29D23ADE0061B0D4 /* SplashScreen.swift */; };
		BEC52B5429D247E70061B0D4 /* 9601-sound-wave-motion.json in Resources */ = {isa = PBXBuildFile; fileRef = BEC52B5329D247E70061B0D4 /* 9601-sound-wave-motion.json */; };
		BEC52B5629D24B6B0061B0D4 /* take-note.json in Resources */ = {isa = PBXBuildFile; fileRef = BEC52B5529D24B6A0061B0D4 /* take-note.json */; };
		BEC52B5829D325060061B0D4 /* VehicleInventoryView.swift in Sources */ = {isa = PBXBuildFile; fileRef = BEC52B5729D325060061B0D4 /* VehicleInventoryView.swift */; };
		BEC52B5C29D325750061B0D4 /* FloatingActionButton.swift in Sources */ = {isa = PBXBuildFile; fileRef = BEC52B5B29D325750061B0D4 /* FloatingActionButton.swift */; };
		BEC52B5E29D326C30061B0D4 /* EmptyInventoryView.swift in Sources */ = {isa = PBXBuildFile; fileRef = BEC52B5D29D326C30061B0D4 /* EmptyInventoryView.swift */; };
		BECF2D5B29FB57EF003ED9CB /* Color.swift in Sources */ = {isa = PBXBuildFile; fileRef = BECF2D5A29FB57EF003ED9CB /* Color.swift */; };
		BECF2D6029FC3FD9003ED9CB /* OfflineVehicleInventoryViewModel.swift in Sources */ = {isa = PBXBuildFile; fileRef = BECF2D5F29FC3FD9003ED9CB /* OfflineVehicleInventoryViewModel.swift */; };
		BECF2D6429FC4E52003ED9CB /* VehicleAttributeCardView.swift in Sources */ = {isa = PBXBuildFile; fileRef = BECF2D6329FC4E52003ED9CB /* VehicleAttributeCardView.swift */; };
		BED254C22999E36900DC7093 /* LoginViewModel.swift in Sources */ = {isa = PBXBuildFile; fileRef = BED254C12999E36900DC7093 /* LoginViewModel.swift */; };
		BED254C6299AFB7600DC7093 /* Reachability.swift in Sources */ = {isa = PBXBuildFile; fileRef = BED254C5299AFB7600DC7093 /* Reachability.swift */; };
		BED254C8299AFEAB00DC7093 /* InputValidator.swift in Sources */ = {isa = PBXBuildFile; fileRef = BED254C7299AFEAB00DC7093 /* InputValidator.swift */; };
		BED254CA299B00A500DC7093 /* OfflineInventoryView.swift in Sources */ = {isa = PBXBuildFile; fileRef = BED254C9299B00A500DC7093 /* OfflineInventoryView.swift */; };
		BED254F9299C870100DC7093 /* CDInventory+CoreDataClass.swift in Sources */ = {isa = PBXBuildFile; fileRef = BED254F5299C870100DC7093 /* CDInventory+CoreDataClass.swift */; };
		BED254FA299C870100DC7093 /* CDInventory+CoreDataProperties.swift in Sources */ = {isa = PBXBuildFile; fileRef = BED254F6299C870100DC7093 /* CDInventory+CoreDataProperties.swift */; };
		BED254FB299C870100DC7093 /* CDInventoryItem+CoreDataClass.swift in Sources */ = {isa = PBXBuildFile; fileRef = BED254F7299C870100DC7093 /* CDInventoryItem+CoreDataClass.swift */; };
		BED254FC299C870100DC7093 /* CDInventoryItem+CoreDataProperties.swift in Sources */ = {isa = PBXBuildFile; fileRef = BED254F8299C870100DC7093 /* CDInventoryItem+CoreDataProperties.swift */; };
		BED25501299DC25100DC7093 /* OfflineItemView.swift in Sources */ = {isa = PBXBuildFile; fileRef = BED25500299DC25100DC7093 /* OfflineItemView.swift */; };
		BEE678A329A838AE00CFDBA0 /* CDVehicleItem+CoreDataClass.swift in Sources */ = {isa = PBXBuildFile; fileRef = BEE678A129A838AE00CFDBA0 /* CDVehicleItem+CoreDataClass.swift */; };
		BEE678A429A838AE00CFDBA0 /* CDVehicleItem+CoreDataProperties.swift in Sources */ = {isa = PBXBuildFile; fileRef = BEE678A229A838AE00CFDBA0 /* CDVehicleItem+CoreDataProperties.swift */; };
/* End PBXBuildFile section */

/* Begin PBXContainerItemProxy section */
		BEB0681A2995CAD900958EEA /* PBXContainerItemProxy */ = {
			isa = PBXContainerItemProxy;
			containerPortal = BEB067FB2995CAD700958EEA /* Project object */;
			proxyType = 1;
			remoteGlobalIDString = BEB068022995CAD700958EEA;
			remoteInfo = InventoryApp;
		};
		BEB068242995CAD900958EEA /* PBXContainerItemProxy */ = {
			isa = PBXContainerItemProxy;
			containerPortal = BEB067FB2995CAD700958EEA /* Project object */;
			proxyType = 1;
			remoteGlobalIDString = BEB068022995CAD700958EEA;
			remoteInfo = InventoryApp;
		};
/* End PBXContainerItemProxy section */

/* Begin PBXFileReference section */
		BE1F469A29AEEFC4004F1790 /* oldCodeSavedForLater.swift */ = {isa = PBXFileReference; lastKnownFileType = sourcecode.swift; path = oldCodeSavedForLater.swift; sourceTree = "<group>"; };
		BE1F469C29AEF040004F1790 /* Extensions.swift */ = {isa = PBXFileReference; lastKnownFileType = sourcecode.swift; path = Extensions.swift; sourceTree = "<group>"; };
		BE9386A9299864770084A4D3 /* GenericPopUp.swift */ = {isa = PBXFileReference; lastKnownFileType = sourcecode.swift; path = GenericPopUp.swift; sourceTree = "<group>"; };
		BE9386AB299868AC0084A4D3 /* GenericButton.swift */ = {isa = PBXFileReference; lastKnownFileType = sourcecode.swift; path = GenericButton.swift; sourceTree = "<group>"; };
		BE9386AF29986CB10084A4D3 /* CreateAccountView.swift */ = {isa = PBXFileReference; lastKnownFileType = sourcecode.swift; path = CreateAccountView.swift; sourceTree = "<group>"; };
		BE9386B1299875110084A4D3 /* ProfileInfoCard.swift */ = {isa = PBXFileReference; lastKnownFileType = sourcecode.swift; path = ProfileInfoCard.swift; sourceTree = "<group>"; };
		BE9386B629993FCA0084A4D3 /* LottieView.swift */ = {isa = PBXFileReference; lastKnownFileType = sourcecode.swift; path = LottieView.swift; sourceTree = "<group>"; };
		BE9386BA299945260084A4D3 /* CubeFunAnim.json */ = {isa = PBXFileReference; fileEncoding = 4; lastKnownFileType = text.json; path = CubeFunAnim.json; sourceTree = "<group>"; };
		BE9386BC299947B50084A4D3 /* anim_notes.json */ = {isa = PBXFileReference; fileEncoding = 4; lastKnownFileType = text.json; path = anim_notes.json; sourceTree = "<group>"; };
		BE9386BE299947D70084A4D3 /* anim_float.json */ = {isa = PBXFileReference; fileEncoding = 4; lastKnownFileType = text.json; path = anim_float.json; sourceTree = "<group>"; };
		BE9386C0299947EB0084A4D3 /* bus.json */ = {isa = PBXFileReference; fileEncoding = 4; lastKnownFileType = text.json; path = bus.json; sourceTree = "<group>"; };
		BE9386C2299947F20084A4D3 /* cloud.json */ = {isa = PBXFileReference; fileEncoding = 4; lastKnownFileType = text.json; path = cloud.json; sourceTree = "<group>"; };
		BE9386C4299947F80084A4D3 /* error_bear.json */ = {isa = PBXFileReference; fileEncoding = 4; lastKnownFileType = text.json; path = error_bear.json; sourceTree = "<group>"; };
		BE9386C6299948000084A4D3 /* error_smiley.json */ = {isa = PBXFileReference; fileEncoding = 4; lastKnownFileType = text.json; path = error_smiley.json; sourceTree = "<group>"; };
		BE9386C8299948070084A4D3 /* laughing_clown.json */ = {isa = PBXFileReference; fileEncoding = 4; lastKnownFileType = text.json; path = laughing_clown.json; sourceTree = "<group>"; };
		BE9386CA2999480D0084A4D3 /* note_guy.json */ = {isa = PBXFileReference; fileEncoding = 4; lastKnownFileType = text.json; path = note_guy.json; sourceTree = "<group>"; };
		BE9386CC299948120084A4D3 /* panda.json */ = {isa = PBXFileReference; fileEncoding = 4; lastKnownFileType = text.json; path = panda.json; sourceTree = "<group>"; };
		BE9386CE299948330084A4D3 /* rover.json */ = {isa = PBXFileReference; fileEncoding = 4; lastKnownFileType = text.json; path = rover.json; sourceTree = "<group>"; };
		BE9386D029995A250084A4D3 /* LoginView.swift */ = {isa = PBXFileReference; lastKnownFileType = sourcecode.swift; path = LoginView.swift; sourceTree = "<group>"; };
		BE9386D429995F0C0084A4D3 /* welcome1.json */ = {isa = PBXFileReference; fileEncoding = 4; lastKnownFileType = text.json; path = welcome1.json; sourceTree = "<group>"; };
		BE9386DA2999645C0084A4D3 /* ForgotPasswordView.swift */ = {isa = PBXFileReference; lastKnownFileType = sourcecode.swift; path = ForgotPasswordView.swift; sourceTree = "<group>"; };
		BE9386DC299964C50084A4D3 /* GenericTextView.swift */ = {isa = PBXFileReference; lastKnownFileType = sourcecode.swift; path = GenericTextView.swift; sourceTree = "<group>"; };
		BE98B0E629F9AE7E0074B520 /* GenTextField.swift */ = {isa = PBXFileReference; lastKnownFileType = sourcecode.swift; path = GenTextField.swift; sourceTree = "<group>"; };
		BE98B0E829F9FBAF0074B520 /* MyYearPicker.swift */ = {isa = PBXFileReference; lastKnownFileType = sourcecode.swift; path = MyYearPicker.swift; sourceTree = "<group>"; };
		BE98B0EA29F9FC4F0074B520 /* MyNotePicker.swift */ = {isa = PBXFileReference; lastKnownFileType = sourcecode.swift; path = MyNotePicker.swift; sourceTree = "<group>"; };
		BE98B0EC29F9FCC60074B520 /* MyDatePicker.swift */ = {isa = PBXFileReference; lastKnownFileType = sourcecode.swift; path = MyDatePicker.swift; sourceTree = "<group>"; };
		BE98B0EF29F9FD380074B520 /* DateFormatter.swift */ = {isa = PBXFileReference; lastKnownFileType = sourcecode.swift; path = DateFormatter.swift; sourceTree = "<group>"; };
		BE9AF49929A1A7120039000D /* VehicleDetailView.swift */ = {isa = PBXFileReference; lastKnownFileType = sourcecode.swift; path = VehicleDetailView.swift; sourceTree = "<group>"; };
		BE9AF49B29A296610039000D /* VehicleCreationView.swift */ = {isa = PBXFileReference; lastKnownFileType = sourcecode.swift; path = VehicleCreationView.swift; sourceTree = "<group>"; };
		BE9AF49D29A2D2B00039000D /* VehicleItem.swift */ = {isa = PBXFileReference; lastKnownFileType = sourcecode.swift; path = VehicleItem.swift; sourceTree = "<group>"; };
		BE9AF49F29A2D2F30039000D /* InventoryItem.swift */ = {isa = PBXFileReference; lastKnownFileType = sourcecode.swift; path = InventoryItem.swift; sourceTree = "<group>"; };
		BE9AF4A129A2D4070039000D /* Stack.swift */ = {isa = PBXFileReference; lastKnownFileType = sourcecode.swift; path = Stack.swift; sourceTree = "<group>"; };
		BE9AF4A329A2D4E90039000D /* InventoryItemView.swift */ = {isa = PBXFileReference; lastKnownFileType = sourcecode.swift; path = InventoryItemView.swift; sourceTree = "<group>"; };
		BE9AF4A529A2D83D0039000D /* VehicleItemView.swift */ = {isa = PBXFileReference; lastKnownFileType = sourcecode.swift; path = VehicleItemView.swift; sourceTree = "<group>"; };
		BE9AF4A729A2DBCF0039000D /* PersistenceController.swift */ = {isa = PBXFileReference; lastKnownFileType = sourcecode.swift; path = PersistenceController.swift; sourceTree = "<group>"; };
		BEB068032995CAD700958EEA /* InventoryApp.app */ = {isa = PBXFileReference; explicitFileType = wrapper.application; includeInIndex = 0; path = InventoryApp.app; sourceTree = BUILT_PRODUCTS_DIR; };
		BEB068062995CAD700958EEA /* InventoryAppApp.swift */ = {isa = PBXFileReference; lastKnownFileType = sourcecode.swift; path = InventoryAppApp.swift; sourceTree = "<group>"; };
		BEB0680B2995CAD700958EEA /* InventoryApp.xcdatamodel */ = {isa = PBXFileReference; lastKnownFileType = wrapper.xcdatamodel; path = InventoryApp.xcdatamodel; sourceTree = "<group>"; };
		BEB0680D2995CAD700958EEA /* ContentView.swift */ = {isa = PBXFileReference; lastKnownFileType = sourcecode.swift; path = ContentView.swift; sourceTree = "<group>"; };
		BEB0680F2995CAD900958EEA /* Assets.xcassets */ = {isa = PBXFileReference; lastKnownFileType = folder.assetcatalog; path = Assets.xcassets; sourceTree = "<group>"; };
		BEB068112995CAD900958EEA /* InventoryApp.entitlements */ = {isa = PBXFileReference; lastKnownFileType = text.plist.entitlements; path = InventoryApp.entitlements; sourceTree = "<group>"; };
		BEB068132995CAD900958EEA /* Preview Assets.xcassets */ = {isa = PBXFileReference; lastKnownFileType = folder.assetcatalog; path = "Preview Assets.xcassets"; sourceTree = "<group>"; };
		BEB068192995CAD900958EEA /* InventoryAppTests.xctest */ = {isa = PBXFileReference; explicitFileType = wrapper.cfbundle; includeInIndex = 0; path = InventoryAppTests.xctest; sourceTree = BUILT_PRODUCTS_DIR; };
		BEB0681D2995CAD900958EEA /* InventoryAppTests.swift */ = {isa = PBXFileReference; lastKnownFileType = sourcecode.swift; path = InventoryAppTests.swift; sourceTree = "<group>"; };
		BEB068232995CAD900958EEA /* InventoryAppUITests.xctest */ = {isa = PBXFileReference; explicitFileType = wrapper.cfbundle; includeInIndex = 0; path = InventoryAppUITests.xctest; sourceTree = BUILT_PRODUCTS_DIR; };
		BEB068272995CAD900958EEA /* InventoryAppUITests.swift */ = {isa = PBXFileReference; lastKnownFileType = sourcecode.swift; path = InventoryAppUITests.swift; sourceTree = "<group>"; };
		BEB068292995CAD900958EEA /* InventoryAppUITestsLaunchTests.swift */ = {isa = PBXFileReference; lastKnownFileType = sourcecode.swift; path = InventoryAppUITestsLaunchTests.swift; sourceTree = "<group>"; };
		BEB068362995D0A000958EEA /* GlobalConstants.swift */ = {isa = PBXFileReference; lastKnownFileType = sourcecode.swift; path = GlobalConstants.swift; sourceTree = "<group>"; };
		BEB0683A2995D3F500958EEA /* BackgroundView.swift */ = {isa = PBXFileReference; lastKnownFileType = sourcecode.swift; path = BackgroundView.swift; sourceTree = "<group>"; };
		BEB068402995D88D00958EEA /* Strings.swift */ = {isa = PBXFileReference; lastKnownFileType = sourcecode.swift; path = Strings.swift; sourceTree = "<group>"; };
		BEB3667D29D5E04100C44FBE /* IOS15TextField.swift */ = {isa = PBXFileReference; lastKnownFileType = sourcecode.swift; path = IOS15TextField.swift; sourceTree = "<group>"; };
		BEC52B4C29D224A60061B0D4 /* Launch Screen.storyboard */ = {isa = PBXFileReference; lastKnownFileType = file.storyboard; path = "Launch Screen.storyboard"; sourceTree = "<group>"; };
		BEC52B4E29D23ADE0061B0D4 /* SplashScreen.swift */ = {isa = PBXFileReference; lastKnownFileType = sourcecode.swift; path = SplashScreen.swift; sourceTree = "<group>"; };
		BEC52B5329D247E70061B0D4 /* 9601-sound-wave-motion.json */ = {isa = PBXFileReference; fileEncoding = 4; lastKnownFileType = text.json; path = "9601-sound-wave-motion.json"; sourceTree = "<group>"; };
		BEC52B5529D24B6A0061B0D4 /* take-note.json */ = {isa = PBXFileReference; fileEncoding = 4; lastKnownFileType = text.json; path = "take-note.json"; sourceTree = "<group>"; };
		BEC52B5729D325060061B0D4 /* VehicleInventoryView.swift */ = {isa = PBXFileReference; lastKnownFileType = sourcecode.swift; path = VehicleInventoryView.swift; sourceTree = "<group>"; };
		BEC52B5B29D325750061B0D4 /* FloatingActionButton.swift */ = {isa = PBXFileReference; lastKnownFileType = sourcecode.swift; path = FloatingActionButton.swift; sourceTree = "<group>"; };
		BEC52B5D29D326C30061B0D4 /* EmptyInventoryView.swift */ = {isa = PBXFileReference; lastKnownFileType = sourcecode.swift; path = EmptyInventoryView.swift; sourceTree = "<group>"; };
		BECF2D5A29FB57EF003ED9CB /* Color.swift */ = {isa = PBXFileReference; lastKnownFileType = sourcecode.swift; path = Color.swift; sourceTree = "<group>"; };
		BECF2D5F29FC3FD9003ED9CB /* OfflineVehicleInventoryViewModel.swift */ = {isa = PBXFileReference; lastKnownFileType = sourcecode.swift; name = OfflineVehicleInventoryViewModel.swift; path = InventoryApp/Resources/Utils/OfflineVehicleInventoryViewModel.swift; sourceTree = SOURCE_ROOT; };
		BECF2D6329FC4E52003ED9CB /* VehicleAttributeCardView.swift */ = {isa = PBXFileReference; lastKnownFileType = sourcecode.swift; path = VehicleAttributeCardView.swift; sourceTree = "<group>"; };
		BED254C12999E36900DC7093 /* LoginViewModel.swift */ = {isa = PBXFileReference; lastKnownFileType = sourcecode.swift; name = LoginViewModel.swift; path = InventoryApp/Components/LoginViewModel.swift; sourceTree = SOURCE_ROOT; };
		BED254C5299AFB7600DC7093 /* Reachability.swift */ = {isa = PBXFileReference; lastKnownFileType = sourcecode.swift; path = Reachability.swift; sourceTree = "<group>"; };
		BED254C7299AFEAB00DC7093 /* InputValidator.swift */ = {isa = PBXFileReference; lastKnownFileType = sourcecode.swift; path = InputValidator.swift; sourceTree = "<group>"; };
		BED254C9299B00A500DC7093 /* OfflineInventoryView.swift */ = {isa = PBXFileReference; lastKnownFileType = sourcecode.swift; path = OfflineInventoryView.swift; sourceTree = "<group>"; };
		BED254F5299C870100DC7093 /* CDInventory+CoreDataClass.swift */ = {isa = PBXFileReference; lastKnownFileType = sourcecode.swift; path = "CDInventory+CoreDataClass.swift"; sourceTree = "<group>"; };
		BED254F6299C870100DC7093 /* CDInventory+CoreDataProperties.swift */ = {isa = PBXFileReference; lastKnownFileType = sourcecode.swift; path = "CDInventory+CoreDataProperties.swift"; sourceTree = "<group>"; };
		BED254F7299C870100DC7093 /* CDInventoryItem+CoreDataClass.swift */ = {isa = PBXFileReference; lastKnownFileType = sourcecode.swift; path = "CDInventoryItem+CoreDataClass.swift"; sourceTree = "<group>"; };
		BED254F8299C870100DC7093 /* CDInventoryItem+CoreDataProperties.swift */ = {isa = PBXFileReference; lastKnownFileType = sourcecode.swift; path = "CDInventoryItem+CoreDataProperties.swift"; sourceTree = "<group>"; };
		BED25500299DC25100DC7093 /* OfflineItemView.swift */ = {isa = PBXFileReference; lastKnownFileType = sourcecode.swift; path = OfflineItemView.swift; sourceTree = "<group>"; };
		BEE678A129A838AE00CFDBA0 /* CDVehicleItem+CoreDataClass.swift */ = {isa = PBXFileReference; lastKnownFileType = sourcecode.swift; path = "CDVehicleItem+CoreDataClass.swift"; sourceTree = "<group>"; };
		BEE678A229A838AE00CFDBA0 /* CDVehicleItem+CoreDataProperties.swift */ = {isa = PBXFileReference; lastKnownFileType = sourcecode.swift; path = "CDVehicleItem+CoreDataProperties.swift"; sourceTree = "<group>"; };
/* End PBXFileReference section */

/* Begin PBXFrameworksBuildPhase section */
		BEB068002995CAD700958EEA /* Frameworks */ = {
			isa = PBXFrameworksBuildPhase;
			buildActionMask = 2147483647;
			files = (
				BE9386B529993EE70084A4D3 /* Lottie in Frameworks */,
			);
			runOnlyForDeploymentPostprocessing = 0;
		};
		BEB068162995CAD900958EEA /* Frameworks */ = {
			isa = PBXFrameworksBuildPhase;
			buildActionMask = 2147483647;
			files = (
			);
			runOnlyForDeploymentPostprocessing = 0;
		};
		BEB068202995CAD900958EEA /* Frameworks */ = {
			isa = PBXFrameworksBuildPhase;
			buildActionMask = 2147483647;
			files = (
			);
			runOnlyForDeploymentPostprocessing = 0;
		};
/* End PBXFrameworksBuildPhase section */

/* Begin PBXGroup section */
		BE9386B8299943500084A4D3 /* LottieFiles */ = {
			isa = PBXGroup;
			children = (
				BEC52B5529D24B6A0061B0D4 /* take-note.json */,
				BEC52B5329D247E70061B0D4 /* 9601-sound-wave-motion.json */,
				BE9386BE299947D70084A4D3 /* anim_float.json */,
				BE9386BA299945260084A4D3 /* CubeFunAnim.json */,
				BE9386C0299947EB0084A4D3 /* bus.json */,
				BE9386C4299947F80084A4D3 /* error_bear.json */,
				BE9386C8299948070084A4D3 /* laughing_clown.json */,
				BE9386C6299948000084A4D3 /* error_smiley.json */,
				BE9386C2299947F20084A4D3 /* cloud.json */,
				BE9386CA2999480D0084A4D3 /* note_guy.json */,
				BE9386BC299947B50084A4D3 /* anim_notes.json */,
				BE9386CE299948330084A4D3 /* rover.json */,
				BE9386CC299948120084A4D3 /* panda.json */,
				BE9386D429995F0C0084A4D3 /* welcome1.json */,
			);
			path = LottieFiles;
			sourceTree = "<group>";
		};
		BE98B0EE29F9FD210074B520 /* Utils */ = {
			isa = PBXGroup;
			children = (
				BE98B0EF29F9FD380074B520 /* DateFormatter.swift */,
				BECF2D5A29FB57EF003ED9CB /* Color.swift */,
			);
			path = Utils;
			sourceTree = "<group>";
		};
		BEB067FA2995CAD700958EEA = {
			isa = PBXGroup;
			children = (
				BEB068052995CAD700958EEA /* InventoryApp */,
				BEB0681C2995CAD900958EEA /* InventoryAppTests */,
				BEB068262995CAD900958EEA /* InventoryAppUITests */,
				BEB068042995CAD700958EEA /* Products */,
			);
			sourceTree = "<group>";
		};
		BEB068042995CAD700958EEA /* Products */ = {
			isa = PBXGroup;
			children = (
				BEB068032995CAD700958EEA /* InventoryApp.app */,
				BEB068192995CAD900958EEA /* InventoryAppTests.xctest */,
				BEB068232995CAD900958EEA /* InventoryAppUITests.xctest */,
			);
			name = Products;
			sourceTree = "<group>";
		};
		BEB068052995CAD700958EEA /* InventoryApp */ = {
			isa = PBXGroup;
			children = (
				BED254FD299C882100DC7093 /* Core Data */,
				BEB0683F2995D85D00958EEA /* Resources */,
				BEB0683C2995D53E00958EEA /* Components */,
				BEB068392995D28100958EEA /* Views */,
				BEB068382995D27600958EEA /* ViewModels */,
				BEB068062995CAD700958EEA /* InventoryAppApp.swift */,
				BEB0680F2995CAD900958EEA /* Assets.xcassets */,
				BEB068112995CAD900958EEA /* InventoryApp.entitlements */,
				BEB068122995CAD900958EEA /* Preview Content */,
				BEC52B4C29D224A60061B0D4 /* Launch Screen.storyboard */,
			);
			path = InventoryApp;
			sourceTree = "<group>";
		};
		BEB068122995CAD900958EEA /* Preview Content */ = {
			isa = PBXGroup;
			children = (
				BEB068132995CAD900958EEA /* Preview Assets.xcassets */,
			);
			path = "Preview Content";
			sourceTree = "<group>";
		};
		BEB0681C2995CAD900958EEA /* InventoryAppTests */ = {
			isa = PBXGroup;
			children = (
				BEB0681D2995CAD900958EEA /* InventoryAppTests.swift */,
			);
			path = InventoryAppTests;
			sourceTree = "<group>";
		};
		BEB068262995CAD900958EEA /* InventoryAppUITests */ = {
			isa = PBXGroup;
			children = (
				BEB068272995CAD900958EEA /* InventoryAppUITests.swift */,
				BEB068292995CAD900958EEA /* InventoryAppUITestsLaunchTests.swift */,
			);
			path = InventoryAppUITests;
			sourceTree = "<group>";
		};
		BEB068382995D27600958EEA /* ViewModels */ = {
			isa = PBXGroup;
			children = (
				BED254C12999E36900DC7093 /* LoginViewModel.swift */,
				BECF2D5F29FC3FD9003ED9CB /* OfflineVehicleInventoryViewModel.swift */,
			);
			path = ViewModels;
			sourceTree = "<group>";
		};
		BEB068392995D28100958EEA /* Views */ = {
			isa = PBXGroup;
			children = (
				BEC52B5A29D325600061B0D4 /* Components */,
				BEC52B5229D23B360061B0D4 /* Core */,
				BEC52B5129D23B160061B0D4 /* Vehicles */,
				BEC52B5029D23AF10061B0D4 /* Online */,
				BE9386B1299875110084A4D3 /* ProfileInfoCard.swift */,
				BED254C9299B00A500DC7093 /* OfflineInventoryView.swift */,
				BED25500299DC25100DC7093 /* OfflineItemView.swift */,
				BE9AF4A329A2D4E90039000D /* InventoryItemView.swift */,
			);
			path = Views;
			sourceTree = "<group>";
		};
		BEB0683C2995D53E00958EEA /* Components */ = {
			isa = PBXGroup;
			children = (
				BE9386A9299864770084A4D3 /* GenericPopUp.swift */,
				BE9386AB299868AC0084A4D3 /* GenericButton.swift */,
				BE9386B629993FCA0084A4D3 /* LottieView.swift */,
				BE9386DC299964C50084A4D3 /* GenericTextView.swift */,
				BED254C7299AFEAB00DC7093 /* InputValidator.swift */,
				BE9AF49D29A2D2B00039000D /* VehicleItem.swift */,
				BE9AF49F29A2D2F30039000D /* InventoryItem.swift */,
				BE9AF4A129A2D4070039000D /* Stack.swift */,
				BE9AF4A729A2DBCF0039000D /* PersistenceController.swift */,
				BE98B0E829F9FBAF0074B520 /* MyYearPicker.swift */,
				BE98B0EA29F9FC4F0074B520 /* MyNotePicker.swift */,
				BE98B0EC29F9FCC60074B520 /* MyDatePicker.swift */,
			);
			path = Components;
			sourceTree = "<group>";
		};
		BEB0683F2995D85D00958EEA /* Resources */ = {
			isa = PBXGroup;
			children = (
				BE98B0EE29F9FD210074B520 /* Utils */,
				BE9386B8299943500084A4D3 /* LottieFiles */,
				BEB068362995D0A000958EEA /* GlobalConstants.swift */,
				BEB068402995D88D00958EEA /* Strings.swift */,
				BED254C5299AFB7600DC7093 /* Reachability.swift */,
				BE1F469A29AEEFC4004F1790 /* oldCodeSavedForLater.swift */,
				BEB0683A2995D3F500958EEA /* BackgroundView.swift */,
				BE1F469C29AEF040004F1790 /* Extensions.swift */,
			);
			path = Resources;
			sourceTree = "<group>";
		};
		BEC52B5029D23AF10061B0D4 /* Online */ = {
			isa = PBXGroup;
			children = (
				BE9386D029995A250084A4D3 /* LoginView.swift */,
				BE9386AF29986CB10084A4D3 /* CreateAccountView.swift */,
				BE9386DA2999645C0084A4D3 /* ForgotPasswordView.swift */,
			);
			path = Online;
			sourceTree = "<group>";
		};
		BEC52B5129D23B160061B0D4 /* Vehicles */ = {
			isa = PBXGroup;
			children = (
				BECF2D6229FC4E11003ED9CB /* VehicleComponents */,
				BE9AF4A529A2D83D0039000D /* VehicleItemView.swift */,
				BE9AF49B29A296610039000D /* VehicleCreationView.swift */,
				BE9AF49929A1A7120039000D /* VehicleDetailView.swift */,
				BEC52B5729D325060061B0D4 /* VehicleInventoryView.swift */,
			);
			path = Vehicles;
			sourceTree = "<group>";
		};
		BEC52B5229D23B360061B0D4 /* Core */ = {
			isa = PBXGroup;
			children = (
				BEC52B4E29D23ADE0061B0D4 /* SplashScreen.swift */,
				BEB0680D2995CAD700958EEA /* ContentView.swift */,
			);
			path = Core;
			sourceTree = "<group>";
		};
		BEC52B5A29D325600061B0D4 /* Components */ = {
			isa = PBXGroup;
			children = (
				BEC52B5B29D325750061B0D4 /* FloatingActionButton.swift */,
				BEC52B5D29D326C30061B0D4 /* EmptyInventoryView.swift */,
				BEB3667D29D5E04100C44FBE /* IOS15TextField.swift */,
				BE98B0E629F9AE7E0074B520 /* GenTextField.swift */,
			);
			path = Components;
			sourceTree = "<group>";
		};
		BECF2D6229FC4E11003ED9CB /* VehicleComponents */ = {
			isa = PBXGroup;
			children = (
				BECF2D6329FC4E52003ED9CB /* VehicleAttributeCardView.swift */,
			);
			path = VehicleComponents;
			sourceTree = "<group>";
		};
		BED254FD299C882100DC7093 /* Core Data */ = {
			isa = PBXGroup;
			children = (
				BEE678A629A8392200CFDBA0 /* CDVehicleItem */,
				BEB0680A2995CAD700958EEA /* InventoryApp.xcdatamodeld */,
				BED254FF299C884900DC7093 /* CDInventoryItem */,
				BED254FE299C883B00DC7093 /* CDInventory */,
			);
			path = "Core Data";
			sourceTree = "<group>";
		};
		BED254FE299C883B00DC7093 /* CDInventory */ = {
			isa = PBXGroup;
			children = (
				BED254F6299C870100DC7093 /* CDInventory+CoreDataProperties.swift */,
				BED254F5299C870100DC7093 /* CDInventory+CoreDataClass.swift */,
			);
			path = CDInventory;
			sourceTree = "<group>";
		};
		BED254FF299C884900DC7093 /* CDInventoryItem */ = {
			isa = PBXGroup;
			children = (
				BED254F7299C870100DC7093 /* CDInventoryItem+CoreDataClass.swift */,
				BED254F8299C870100DC7093 /* CDInventoryItem+CoreDataProperties.swift */,
			);
			path = CDInventoryItem;
			sourceTree = "<group>";
		};
		BEE678A629A8392200CFDBA0 /* CDVehicleItem */ = {
			isa = PBXGroup;
			children = (
				BEE678A129A838AE00CFDBA0 /* CDVehicleItem+CoreDataClass.swift */,
				BEE678A229A838AE00CFDBA0 /* CDVehicleItem+CoreDataProperties.swift */,
			);
			name = CDVehicleItem;
			sourceTree = "<group>";
		};
/* End PBXGroup section */

/* Begin PBXNativeTarget section */
		BEB068022995CAD700958EEA /* InventoryApp */ = {
			isa = PBXNativeTarget;
			buildConfigurationList = BEB0682D2995CAD900958EEA /* Build configuration list for PBXNativeTarget "InventoryApp" */;
			buildPhases = (
				BEB067FF2995CAD700958EEA /* Sources */,
				BEB068002995CAD700958EEA /* Frameworks */,
				BEB068012995CAD700958EEA /* Resources */,
				BED254C02999763900DC7093 /* ShellScript */,
			);
			buildRules = (
			);
			dependencies = (
			);
			name = InventoryApp;
			packageProductDependencies = (
				BE9386B429993EE70084A4D3 /* Lottie */,
			);
			productName = InventoryApp;
			productReference = BEB068032995CAD700958EEA /* InventoryApp.app */;
			productType = "com.apple.product-type.application";
		};
		BEB068182995CAD900958EEA /* InventoryAppTests */ = {
			isa = PBXNativeTarget;
			buildConfigurationList = BEB068302995CAD900958EEA /* Build configuration list for PBXNativeTarget "InventoryAppTests" */;
			buildPhases = (
				BEB068152995CAD900958EEA /* Sources */,
				BEB068162995CAD900958EEA /* Frameworks */,
				BEB068172995CAD900958EEA /* Resources */,
			);
			buildRules = (
			);
			dependencies = (
				BEB0681B2995CAD900958EEA /* PBXTargetDependency */,
			);
			name = InventoryAppTests;
			productName = InventoryAppTests;
			productReference = BEB068192995CAD900958EEA /* InventoryAppTests.xctest */;
			productType = "com.apple.product-type.bundle.unit-test";
		};
		BEB068222995CAD900958EEA /* InventoryAppUITests */ = {
			isa = PBXNativeTarget;
			buildConfigurationList = BEB068332995CAD900958EEA /* Build configuration list for PBXNativeTarget "InventoryAppUITests" */;
			buildPhases = (
				BEB0681F2995CAD900958EEA /* Sources */,
				BEB068202995CAD900958EEA /* Frameworks */,
				BEB068212995CAD900958EEA /* Resources */,
			);
			buildRules = (
			);
			dependencies = (
				BEB068252995CAD900958EEA /* PBXTargetDependency */,
			);
			name = InventoryAppUITests;
			productName = InventoryAppUITests;
			productReference = BEB068232995CAD900958EEA /* InventoryAppUITests.xctest */;
			productType = "com.apple.product-type.bundle.ui-testing";
		};
/* End PBXNativeTarget section */

/* Begin PBXProject section */
		BEB067FB2995CAD700958EEA /* Project object */ = {
			isa = PBXProject;
			attributes = {
				BuildIndependentTargetsInParallel = 1;
				LastSwiftUpdateCheck = 1410;
				LastUpgradeCheck = 1410;
				TargetAttributes = {
					BEB068022995CAD700958EEA = {
						CreatedOnToolsVersion = 14.1;
					};
					BEB068182995CAD900958EEA = {
						CreatedOnToolsVersion = 14.1;
						TestTargetID = BEB068022995CAD700958EEA;
					};
					BEB068222995CAD900958EEA = {
						CreatedOnToolsVersion = 14.1;
						TestTargetID = BEB068022995CAD700958EEA;
					};
				};
			};
			buildConfigurationList = BEB067FE2995CAD700958EEA /* Build configuration list for PBXProject "InventoryApp" */;
			compatibilityVersion = "Xcode 14.0";
			developmentRegion = en;
			hasScannedForEncodings = 0;
			knownRegions = (
				en,
				Base,
			);
			mainGroup = BEB067FA2995CAD700958EEA;
			packageReferences = (
				BE9386B329993EE70084A4D3 /* XCRemoteSwiftPackageReference "lottie-ios" */,
			);
			productRefGroup = BEB068042995CAD700958EEA /* Products */;
			projectDirPath = "";
			projectRoot = "";
			targets = (
				BEB068022995CAD700958EEA /* InventoryApp */,
				BEB068182995CAD900958EEA /* InventoryAppTests */,
				BEB068222995CAD900958EEA /* InventoryAppUITests */,
			);
		};
/* End PBXProject section */

/* Begin PBXResourcesBuildPhase section */
		BEB068012995CAD700958EEA /* Resources */ = {
			isa = PBXResourcesBuildPhase;
			buildActionMask = 2147483647;
			files = (
				BE9386C7299948000084A4D3 /* error_smiley.json in Resources */,
				BE9386BD299947B50084A4D3 /* anim_notes.json in Resources */,
				BE9386CD299948120084A4D3 /* panda.json in Resources */,
				BE9386BB299945260084A4D3 /* CubeFunAnim.json in Resources */,
				BE9386C5299947F80084A4D3 /* error_bear.json in Resources */,
				BE9386C9299948070084A4D3 /* laughing_clown.json in Resources */,
				BE9386C3299947F20084A4D3 /* cloud.json in Resources */,
				BE9386CF299948330084A4D3 /* rover.json in Resources */,
				BE9386CB2999480D0084A4D3 /* note_guy.json in Resources */,
				BEC52B4D29D224A60061B0D4 /* Launch Screen.storyboard in Resources */,
				BEC52B5629D24B6B0061B0D4 /* take-note.json in Resources */,
				BE9386C1299947EB0084A4D3 /* bus.json in Resources */,
				BEB068142995CAD900958EEA /* Preview Assets.xcassets in Resources */,
				BEC52B5429D247E70061B0D4 /* 9601-sound-wave-motion.json in Resources */,
				BEB068102995CAD900958EEA /* Assets.xcassets in Resources */,
				BE9386BF299947D70084A4D3 /* anim_float.json in Resources */,
				BE9386D529995F0D0084A4D3 /* welcome1.json in Resources */,
			);
			runOnlyForDeploymentPostprocessing = 0;
		};
		BEB068172995CAD900958EEA /* Resources */ = {
			isa = PBXResourcesBuildPhase;
			buildActionMask = 2147483647;
			files = (
			);
			runOnlyForDeploymentPostprocessing = 0;
		};
		BEB068212995CAD900958EEA /* Resources */ = {
			isa = PBXResourcesBuildPhase;
			buildActionMask = 2147483647;
			files = (
			);
			runOnlyForDeploymentPostprocessing = 0;
		};
/* End PBXResourcesBuildPhase section */

/* Begin PBXShellScriptBuildPhase section */
		BED254C02999763900DC7093 /* ShellScript */ = {
			isa = PBXShellScriptBuildPhase;
			buildActionMask = 2147483647;
			files = (
			);
			inputFileListPaths = (
			);
			inputPaths = (
			);
			outputFileListPaths = (
			);
			outputPaths = (
			);
			runOnlyForDeploymentPostprocessing = 0;
			shellPath = /bin/sh;
			shellScript = "export PATH=\"$PATH:/opt/homebrew/bin\"\nif which swiftlint > /dev/null; then\n  swiftlint\nelse\n  echo \"warning: SwiftLint not installed, download from https://github.com/realm/SwiftLint\"\nfi\n";
		};
/* End PBXShellScriptBuildPhase section */

/* Begin PBXSourcesBuildPhase section */
		BEB067FF2995CAD700958EEA /* Sources */ = {
			isa = PBXSourcesBuildPhase;
			buildActionMask = 2147483647;
			files = (
				BE9386B029986CB10084A4D3 /* CreateAccountView.swift in Sources */,
				BED254F9299C870100DC7093 /* CDInventory+CoreDataClass.swift in Sources */,
				BE98B0E929F9FBAF0074B520 /* MyYearPicker.swift in Sources */,
				BE98B0ED29F9FCC60074B520 /* MyDatePicker.swift in Sources */,
				BEB0683B2995D3F500958EEA /* BackgroundView.swift in Sources */,
				BE9386AA299864770084A4D3 /* GenericPopUp.swift in Sources */,
				BECF2D6029FC3FD9003ED9CB /* OfflineVehicleInventoryViewModel.swift in Sources */,
				BEB0680C2995CAD700958EEA /* InventoryApp.xcdatamodeld in Sources */,
				BEB068412995D88D00958EEA /* Strings.swift in Sources */,
				BEC52B5C29D325750061B0D4 /* FloatingActionButton.swift in Sources */,
				BEB068072995CAD700958EEA /* InventoryAppApp.swift in Sources */,
				BEB068372995D0A000958EEA /* GlobalConstants.swift in Sources */,
				BED25501299DC25100DC7093 /* OfflineItemView.swift in Sources */,
				BE1F469B29AEEFC4004F1790 /* oldCodeSavedForLater.swift in Sources */,
				BED254C8299AFEAB00DC7093 /* InputValidator.swift in Sources */,
				BEB3667E29D5E04100C44FBE /* IOS15TextField.swift in Sources */,
				BE9AF49A29A1A7120039000D /* VehicleDetailView.swift in Sources */,
				BECF2D5B29FB57EF003ED9CB /* Color.swift in Sources */,
				BED254FC299C870100DC7093 /* CDInventoryItem+CoreDataProperties.swift in Sources */,
				BE9386D129995A250084A4D3 /* LoginView.swift in Sources */,
				BE9AF4A029A2D2F30039000D /* InventoryItem.swift in Sources */,
				BE9AF4A829A2DBCF0039000D /* PersistenceController.swift in Sources */,
				BE9386B729993FCA0084A4D3 /* LottieView.swift in Sources */,
				BE9AF49C29A296610039000D /* VehicleCreationView.swift in Sources */,
				BE1F469D29AEF040004F1790 /* Extensions.swift in Sources */,
				BED254C22999E36900DC7093 /* LoginViewModel.swift in Sources */,
				BEE678A329A838AE00CFDBA0 /* CDVehicleItem+CoreDataClass.swift in Sources */,
				BE9AF49E29A2D2B00039000D /* VehicleItem.swift in Sources */,
				BEB0680E2995CAD700958EEA /* ContentView.swift in Sources */,
				BEC52B4F29D23ADE0061B0D4 /* SplashScreen.swift in Sources */,
				BED254CA299B00A500DC7093 /* OfflineInventoryView.swift in Sources */,
				BE98B0F029F9FD380074B520 /* DateFormatter.swift in Sources */,
				BE9386AC299868AC0084A4D3 /* GenericButton.swift in Sources */,
				BEE678A429A838AE00CFDBA0 /* CDVehicleItem+CoreDataProperties.swift in Sources */,
				BECF2D6429FC4E52003ED9CB /* VehicleAttributeCardView.swift in Sources */,
				BE9AF4A229A2D4070039000D /* Stack.swift in Sources */,
				BED254C6299AFB7600DC7093 /* Reachability.swift in Sources */,
				BE9386DD299964C50084A4D3 /* GenericTextView.swift in Sources */,
				BE9AF4A629A2D83D0039000D /* VehicleItemView.swift in Sources */,
				BE9386DB2999645C0084A4D3 /* ForgotPasswordView.swift in Sources */,
				BE9AF4A429A2D4E90039000D /* InventoryItemView.swift in Sources */,
				BEC52B5E29D326C30061B0D4 /* EmptyInventoryView.swift in Sources */,
				BEC52B5829D325060061B0D4 /* VehicleInventoryView.swift in Sources */,
				BE98B0EB29F9FC4F0074B520 /* MyNotePicker.swift in Sources */,
				BED254FB299C870100DC7093 /* CDInventoryItem+CoreDataClass.swift in Sources */,
				BE9386B2299875110084A4D3 /* ProfileInfoCard.swift in Sources */,
				BE98B0E729F9AE7E0074B520 /* GenTextField.swift in Sources */,
				BED254FA299C870100DC7093 /* CDInventory+CoreDataProperties.swift in Sources */,
			);
			runOnlyForDeploymentPostprocessing = 0;
		};
		BEB068152995CAD900958EEA /* Sources */ = {
			isa = PBXSourcesBuildPhase;
			buildActionMask = 2147483647;
			files = (
				BEB0681E2995CAD900958EEA /* InventoryAppTests.swift in Sources */,
			);
			runOnlyForDeploymentPostprocessing = 0;
		};
		BEB0681F2995CAD900958EEA /* Sources */ = {
			isa = PBXSourcesBuildPhase;
			buildActionMask = 2147483647;
			files = (
				BEB068282995CAD900958EEA /* InventoryAppUITests.swift in Sources */,
				BEB0682A2995CAD900958EEA /* InventoryAppUITestsLaunchTests.swift in Sources */,
			);
			runOnlyForDeploymentPostprocessing = 0;
		};
/* End PBXSourcesBuildPhase section */

/* Begin PBXTargetDependency section */
		BEB0681B2995CAD900958EEA /* PBXTargetDependency */ = {
			isa = PBXTargetDependency;
			target = BEB068022995CAD700958EEA /* InventoryApp */;
			targetProxy = BEB0681A2995CAD900958EEA /* PBXContainerItemProxy */;
		};
		BEB068252995CAD900958EEA /* PBXTargetDependency */ = {
			isa = PBXTargetDependency;
			target = BEB068022995CAD700958EEA /* InventoryApp */;
			targetProxy = BEB068242995CAD900958EEA /* PBXContainerItemProxy */;
		};
/* End PBXTargetDependency section */

/* Begin XCBuildConfiguration section */
		BEB0682B2995CAD900958EEA /* Debug */ = {
			isa = XCBuildConfiguration;
			buildSettings = {
				ALWAYS_SEARCH_USER_PATHS = NO;
				CLANG_ANALYZER_NONNULL = YES;
				CLANG_ANALYZER_NUMBER_OBJECT_CONVERSION = YES_AGGRESSIVE;
				CLANG_CXX_LANGUAGE_STANDARD = "gnu++20";
				CLANG_ENABLE_MODULES = YES;
				CLANG_ENABLE_OBJC_ARC = YES;
				CLANG_ENABLE_OBJC_WEAK = YES;
				CLANG_WARN_BLOCK_CAPTURE_AUTORELEASING = YES;
				CLANG_WARN_BOOL_CONVERSION = YES;
				CLANG_WARN_COMMA = YES;
				CLANG_WARN_CONSTANT_CONVERSION = YES;
				CLANG_WARN_DEPRECATED_OBJC_IMPLEMENTATIONS = YES;
				CLANG_WARN_DIRECT_OBJC_ISA_USAGE = YES_ERROR;
				CLANG_WARN_DOCUMENTATION_COMMENTS = YES;
				CLANG_WARN_EMPTY_BODY = YES;
				CLANG_WARN_ENUM_CONVERSION = YES;
				CLANG_WARN_INFINITE_RECURSION = YES;
				CLANG_WARN_INT_CONVERSION = YES;
				CLANG_WARN_NON_LITERAL_NULL_CONVERSION = YES;
				CLANG_WARN_OBJC_IMPLICIT_RETAIN_SELF = YES;
				CLANG_WARN_OBJC_LITERAL_CONVERSION = YES;
				CLANG_WARN_OBJC_ROOT_CLASS = YES_ERROR;
				CLANG_WARN_QUOTED_INCLUDE_IN_FRAMEWORK_HEADER = YES;
				CLANG_WARN_RANGE_LOOP_ANALYSIS = YES;
				CLANG_WARN_STRICT_PROTOTYPES = YES;
				CLANG_WARN_SUSPICIOUS_MOVE = YES;
				CLANG_WARN_UNGUARDED_AVAILABILITY = YES_AGGRESSIVE;
				CLANG_WARN_UNREACHABLE_CODE = YES;
				CLANG_WARN__DUPLICATE_METHOD_MATCH = YES;
				COPY_PHASE_STRIP = NO;
				DEBUG_INFORMATION_FORMAT = dwarf;
				ENABLE_STRICT_OBJC_MSGSEND = YES;
				ENABLE_TESTABILITY = YES;
				GCC_C_LANGUAGE_STANDARD = gnu11;
				GCC_DYNAMIC_NO_PIC = NO;
				GCC_NO_COMMON_BLOCKS = YES;
				GCC_OPTIMIZATION_LEVEL = 0;
				GCC_PREPROCESSOR_DEFINITIONS = (
					"DEBUG=1",
					"$(inherited)",
				);
				GCC_WARN_64_TO_32_BIT_CONVERSION = YES;
				GCC_WARN_ABOUT_RETURN_TYPE = YES_ERROR;
				GCC_WARN_UNDECLARED_SELECTOR = YES;
				GCC_WARN_UNINITIALIZED_AUTOS = YES_AGGRESSIVE;
				GCC_WARN_UNUSED_FUNCTION = YES;
				GCC_WARN_UNUSED_VARIABLE = YES;
				MTL_ENABLE_DEBUG_INFO = INCLUDE_SOURCE;
				MTL_FAST_MATH = YES;
				ONLY_ACTIVE_ARCH = YES;
				SWIFT_ACTIVE_COMPILATION_CONDITIONS = DEBUG;
				SWIFT_OPTIMIZATION_LEVEL = "-Onone";
			};
			name = Debug;
		};
		BEB0682C2995CAD900958EEA /* Release */ = {
			isa = XCBuildConfiguration;
			buildSettings = {
				ALWAYS_SEARCH_USER_PATHS = NO;
				CLANG_ANALYZER_NONNULL = YES;
				CLANG_ANALYZER_NUMBER_OBJECT_CONVERSION = YES_AGGRESSIVE;
				CLANG_CXX_LANGUAGE_STANDARD = "gnu++20";
				CLANG_ENABLE_MODULES = YES;
				CLANG_ENABLE_OBJC_ARC = YES;
				CLANG_ENABLE_OBJC_WEAK = YES;
				CLANG_WARN_BLOCK_CAPTURE_AUTORELEASING = YES;
				CLANG_WARN_BOOL_CONVERSION = YES;
				CLANG_WARN_COMMA = YES;
				CLANG_WARN_CONSTANT_CONVERSION = YES;
				CLANG_WARN_DEPRECATED_OBJC_IMPLEMENTATIONS = YES;
				CLANG_WARN_DIRECT_OBJC_ISA_USAGE = YES_ERROR;
				CLANG_WARN_DOCUMENTATION_COMMENTS = YES;
				CLANG_WARN_EMPTY_BODY = YES;
				CLANG_WARN_ENUM_CONVERSION = YES;
				CLANG_WARN_INFINITE_RECURSION = YES;
				CLANG_WARN_INT_CONVERSION = YES;
				CLANG_WARN_NON_LITERAL_NULL_CONVERSION = YES;
				CLANG_WARN_OBJC_IMPLICIT_RETAIN_SELF = YES;
				CLANG_WARN_OBJC_LITERAL_CONVERSION = YES;
				CLANG_WARN_OBJC_ROOT_CLASS = YES_ERROR;
				CLANG_WARN_QUOTED_INCLUDE_IN_FRAMEWORK_HEADER = YES;
				CLANG_WARN_RANGE_LOOP_ANALYSIS = YES;
				CLANG_WARN_STRICT_PROTOTYPES = YES;
				CLANG_WARN_SUSPICIOUS_MOVE = YES;
				CLANG_WARN_UNGUARDED_AVAILABILITY = YES_AGGRESSIVE;
				CLANG_WARN_UNREACHABLE_CODE = YES;
				CLANG_WARN__DUPLICATE_METHOD_MATCH = YES;
				COPY_PHASE_STRIP = NO;
				DEBUG_INFORMATION_FORMAT = "dwarf-with-dsym";
				ENABLE_NS_ASSERTIONS = NO;
				ENABLE_STRICT_OBJC_MSGSEND = YES;
				GCC_C_LANGUAGE_STANDARD = gnu11;
				GCC_NO_COMMON_BLOCKS = YES;
				GCC_WARN_64_TO_32_BIT_CONVERSION = YES;
				GCC_WARN_ABOUT_RETURN_TYPE = YES_ERROR;
				GCC_WARN_UNDECLARED_SELECTOR = YES;
				GCC_WARN_UNINITIALIZED_AUTOS = YES_AGGRESSIVE;
				GCC_WARN_UNUSED_FUNCTION = YES;
				GCC_WARN_UNUSED_VARIABLE = YES;
				MTL_ENABLE_DEBUG_INFO = NO;
				MTL_FAST_MATH = YES;
				SWIFT_COMPILATION_MODE = wholemodule;
				SWIFT_OPTIMIZATION_LEVEL = "-O";
			};
			name = Release;
		};
		BEB0682E2995CAD900958EEA /* Debug */ = {
			isa = XCBuildConfiguration;
			buildSettings = {
				ASSETCATALOG_COMPILER_APPICON_NAME = AppIcon;
				ASSETCATALOG_COMPILER_GLOBAL_ACCENT_COLOR_NAME = AccentColor;
				CODE_SIGN_ENTITLEMENTS = InventoryApp/InventoryApp.entitlements;
				CODE_SIGN_STYLE = Automatic;
				CURRENT_PROJECT_VERSION = 0.1.0;
				DEVELOPMENT_ASSET_PATHS = "\"InventoryApp/Preview Content\"";
				DEVELOPMENT_TEAM = B995323AAF;
				ENABLE_PREVIEWS = YES;
				GENERATE_INFOPLIST_FILE = YES;
				INFOPLIST_KEY_LSApplicationCategoryType = "public.app-category.productivity";
				"INFOPLIST_KEY_UIApplicationSceneManifest_Generation[sdk=iphoneos*]" = YES;
				"INFOPLIST_KEY_UIApplicationSceneManifest_Generation[sdk=iphonesimulator*]" = YES;
				"INFOPLIST_KEY_UIApplicationSupportsIndirectInputEvents[sdk=iphoneos*]" = YES;
				"INFOPLIST_KEY_UIApplicationSupportsIndirectInputEvents[sdk=iphonesimulator*]" = YES;
				"INFOPLIST_KEY_UILaunchScreen_Generation[sdk=iphoneos*]" = YES;
				"INFOPLIST_KEY_UILaunchScreen_Generation[sdk=iphonesimulator*]" = YES;
				INFOPLIST_KEY_UILaunchStoryboardName = "";
				"INFOPLIST_KEY_UIStatusBarStyle[sdk=iphoneos*]" = UIStatusBarStyleDefault;
				"INFOPLIST_KEY_UIStatusBarStyle[sdk=iphonesimulator*]" = UIStatusBarStyleDefault;
				INFOPLIST_KEY_UISupportedInterfaceOrientations_iPad = UIInterfaceOrientationPortrait;
				INFOPLIST_KEY_UISupportedInterfaceOrientations_iPhone = UIInterfaceOrientationPortrait;
				INFOPLIST_KEY_UIUserInterfaceStyle = Dark;
				IPHONEOS_DEPLOYMENT_TARGET = 16.0;
				LD_RUNPATH_SEARCH_PATHS = "@executable_path/Frameworks";
				"LD_RUNPATH_SEARCH_PATHS[sdk=macosx*]" = "@executable_path/../Frameworks";
				MACOSX_DEPLOYMENT_TARGET = 13.0;
				MARKETING_VERSION = 0.1.0;
				NEW_SETTING = "";
				PRODUCT_BUNDLE_IDENTIFIER = Bama.InventoryApp;
				PRODUCT_NAME = "$(TARGET_NAME)";
				SDKROOT = auto;
				SUPPORTED_PLATFORMS = "iphoneos iphonesimulator";
				SUPPORTS_MACCATALYST = NO;
				SUPPORTS_MAC_DESIGNED_FOR_IPHONE_IPAD = NO;
				SWIFT_EMIT_LOC_STRINGS = YES;
				SWIFT_VERSION = 5.0;
				TARGETED_DEVICE_FAMILY = 1;
			};
			name = Debug;
		};
		BEB0682F2995CAD900958EEA /* Release */ = {
			isa = XCBuildConfiguration;
			buildSettings = {
				ASSETCATALOG_COMPILER_APPICON_NAME = AppIcon;
				ASSETCATALOG_COMPILER_GLOBAL_ACCENT_COLOR_NAME = AccentColor;
				CODE_SIGN_ENTITLEMENTS = InventoryApp/InventoryApp.entitlements;
				CODE_SIGN_STYLE = Automatic;
				CURRENT_PROJECT_VERSION = 0.1.0;
				DEVELOPMENT_ASSET_PATHS = "\"InventoryApp/Preview Content\"";
				DEVELOPMENT_TEAM = B995323AAF;
				ENABLE_PREVIEWS = YES;
				GENERATE_INFOPLIST_FILE = YES;
				INFOPLIST_KEY_LSApplicationCategoryType = "public.app-category.productivity";
				"INFOPLIST_KEY_UIApplicationSceneManifest_Generation[sdk=iphoneos*]" = YES;
				"INFOPLIST_KEY_UIApplicationSceneManifest_Generation[sdk=iphonesimulator*]" = YES;
				"INFOPLIST_KEY_UIApplicationSupportsIndirectInputEvents[sdk=iphoneos*]" = YES;
				"INFOPLIST_KEY_UIApplicationSupportsIndirectInputEvents[sdk=iphonesimulator*]" = YES;
				"INFOPLIST_KEY_UILaunchScreen_Generation[sdk=iphoneos*]" = YES;
				"INFOPLIST_KEY_UILaunchScreen_Generation[sdk=iphonesimulator*]" = YES;
				INFOPLIST_KEY_UILaunchStoryboardName = "";
				"INFOPLIST_KEY_UIStatusBarStyle[sdk=iphoneos*]" = UIStatusBarStyleDefault;
				"INFOPLIST_KEY_UIStatusBarStyle[sdk=iphonesimulator*]" = UIStatusBarStyleDefault;
				INFOPLIST_KEY_UISupportedInterfaceOrientations_iPad = UIInterfaceOrientationPortrait;
				INFOPLIST_KEY_UISupportedInterfaceOrientations_iPhone = UIInterfaceOrientationPortrait;
				INFOPLIST_KEY_UIUserInterfaceStyle = Dark;
				IPHONEOS_DEPLOYMENT_TARGET = 16.0;
				LD_RUNPATH_SEARCH_PATHS = "@executable_path/Frameworks";
				"LD_RUNPATH_SEARCH_PATHS[sdk=macosx*]" = "@executable_path/../Frameworks";
				MACOSX_DEPLOYMENT_TARGET = 13.0;
				MARKETING_VERSION = 0.1.0;
				NEW_SETTING = "";
				PRODUCT_BUNDLE_IDENTIFIER = Bama.InventoryApp;
				PRODUCT_NAME = "$(TARGET_NAME)";
				SDKROOT = auto;
				SUPPORTED_PLATFORMS = "iphoneos iphonesimulator";
				SUPPORTS_MACCATALYST = NO;
				SUPPORTS_MAC_DESIGNED_FOR_IPHONE_IPAD = NO;
				SWIFT_EMIT_LOC_STRINGS = YES;
				SWIFT_VERSION = 5.0;
				TARGETED_DEVICE_FAMILY = 1;
			};
			name = Release;
		};
		BEB068312995CAD900958EEA /* Debug */ = {
			isa = XCBuildConfiguration;
			buildSettings = {
				ALWAYS_EMBED_SWIFT_STANDARD_LIBRARIES = YES;
				BUNDLE_LOADER = "$(TEST_HOST)";
				CODE_SIGN_STYLE = Automatic;
				CURRENT_PROJECT_VERSION = 1;
				GENERATE_INFOPLIST_FILE = YES;
				IPHONEOS_DEPLOYMENT_TARGET = 16.1;
				MACOSX_DEPLOYMENT_TARGET = 13.0;
				MARKETING_VERSION = 1.0;
				PRODUCT_BUNDLE_IDENTIFIER = Bama.InventoryAppTests;
				PRODUCT_NAME = "$(TARGET_NAME)";
				SDKROOT = auto;
				SUPPORTED_PLATFORMS = "iphoneos iphonesimulator macosx";
				SWIFT_EMIT_LOC_STRINGS = NO;
				SWIFT_VERSION = 5.0;
				TARGETED_DEVICE_FAMILY = "1,2";
				TEST_HOST = "$(BUILT_PRODUCTS_DIR)/InventoryApp.app/$(BUNDLE_EXECUTABLE_FOLDER_PATH)/InventoryApp";
			};
			name = Debug;
		};
		BEB068322995CAD900958EEA /* Release */ = {
			isa = XCBuildConfiguration;
			buildSettings = {
				ALWAYS_EMBED_SWIFT_STANDARD_LIBRARIES = YES;
				BUNDLE_LOADER = "$(TEST_HOST)";
				CODE_SIGN_STYLE = Automatic;
				CURRENT_PROJECT_VERSION = 1;
				GENERATE_INFOPLIST_FILE = YES;
				IPHONEOS_DEPLOYMENT_TARGET = 16.1;
				MACOSX_DEPLOYMENT_TARGET = 13.0;
				MARKETING_VERSION = 1.0;
				PRODUCT_BUNDLE_IDENTIFIER = Bama.InventoryAppTests;
				PRODUCT_NAME = "$(TARGET_NAME)";
				SDKROOT = auto;
				SUPPORTED_PLATFORMS = "iphoneos iphonesimulator macosx";
				SWIFT_EMIT_LOC_STRINGS = NO;
				SWIFT_VERSION = 5.0;
				TARGETED_DEVICE_FAMILY = "1,2";
				TEST_HOST = "$(BUILT_PRODUCTS_DIR)/InventoryApp.app/$(BUNDLE_EXECUTABLE_FOLDER_PATH)/InventoryApp";
			};
			name = Release;
		};
		BEB068342995CAD900958EEA /* Debug */ = {
			isa = XCBuildConfiguration;
			buildSettings = {
				ALWAYS_EMBED_SWIFT_STANDARD_LIBRARIES = YES;
				CODE_SIGN_STYLE = Automatic;
				CURRENT_PROJECT_VERSION = 1;
				GENERATE_INFOPLIST_FILE = YES;
				IPHONEOS_DEPLOYMENT_TARGET = 16.1;
				MACOSX_DEPLOYMENT_TARGET = 13.0;
				MARKETING_VERSION = 1.0;
				PRODUCT_BUNDLE_IDENTIFIER = Bama.InventoryAppUITests;
				PRODUCT_NAME = "$(TARGET_NAME)";
				SDKROOT = auto;
				SUPPORTED_PLATFORMS = "iphoneos iphonesimulator macosx";
				SWIFT_EMIT_LOC_STRINGS = NO;
				SWIFT_VERSION = 5.0;
				TARGETED_DEVICE_FAMILY = "1,2";
				TEST_TARGET_NAME = InventoryApp;
			};
			name = Debug;
		};
		BEB068352995CAD900958EEA /* Release */ = {
			isa = XCBuildConfiguration;
			buildSettings = {
				ALWAYS_EMBED_SWIFT_STANDARD_LIBRARIES = YES;
				CODE_SIGN_STYLE = Automatic;
				CURRENT_PROJECT_VERSION = 1;
				GENERATE_INFOPLIST_FILE = YES;
				IPHONEOS_DEPLOYMENT_TARGET = 16.1;
				MACOSX_DEPLOYMENT_TARGET = 13.0;
				MARKETING_VERSION = 1.0;
				PRODUCT_BUNDLE_IDENTIFIER = Bama.InventoryAppUITests;
				PRODUCT_NAME = "$(TARGET_NAME)";
				SDKROOT = auto;
				SUPPORTED_PLATFORMS = "iphoneos iphonesimulator macosx";
				SWIFT_EMIT_LOC_STRINGS = NO;
				SWIFT_VERSION = 5.0;
				TARGETED_DEVICE_FAMILY = "1,2";
				TEST_TARGET_NAME = InventoryApp;
			};
			name = Release;
		};
/* End XCBuildConfiguration section */

/* Begin XCConfigurationList section */
		BEB067FE2995CAD700958EEA /* Build configuration list for PBXProject "InventoryApp" */ = {
			isa = XCConfigurationList;
			buildConfigurations = (
				BEB0682B2995CAD900958EEA /* Debug */,
				BEB0682C2995CAD900958EEA /* Release */,
			);
			defaultConfigurationIsVisible = 0;
			defaultConfigurationName = Release;
		};
		BEB0682D2995CAD900958EEA /* Build configuration list for PBXNativeTarget "InventoryApp" */ = {
			isa = XCConfigurationList;
			buildConfigurations = (
				BEB0682E2995CAD900958EEA /* Debug */,
				BEB0682F2995CAD900958EEA /* Release */,
			);
			defaultConfigurationIsVisible = 0;
			defaultConfigurationName = Release;
		};
		BEB068302995CAD900958EEA /* Build configuration list for PBXNativeTarget "InventoryAppTests" */ = {
			isa = XCConfigurationList;
			buildConfigurations = (
				BEB068312995CAD900958EEA /* Debug */,
				BEB068322995CAD900958EEA /* Release */,
			);
			defaultConfigurationIsVisible = 0;
			defaultConfigurationName = Release;
		};
		BEB068332995CAD900958EEA /* Build configuration list for PBXNativeTarget "InventoryAppUITests" */ = {
			isa = XCConfigurationList;
			buildConfigurations = (
				BEB068342995CAD900958EEA /* Debug */,
				BEB068352995CAD900958EEA /* Release */,
			);
			defaultConfigurationIsVisible = 0;
			defaultConfigurationName = Release;
		};
/* End XCConfigurationList section */

/* Begin XCRemoteSwiftPackageReference section */
		BE9386B329993EE70084A4D3 /* XCRemoteSwiftPackageReference "lottie-ios" */ = {
			isa = XCRemoteSwiftPackageReference;
			repositoryURL = "https://github.com/airbnb/lottie-ios";
			requirement = {
				kind = upToNextMajorVersion;
				minimumVersion = 4.0.0;
			};
		};
/* End XCRemoteSwiftPackageReference section */

/* Begin XCSwiftPackageProductDependency section */
		BE9386B429993EE70084A4D3 /* Lottie */ = {
			isa = XCSwiftPackageProductDependency;
			package = BE9386B329993EE70084A4D3 /* XCRemoteSwiftPackageReference "lottie-ios" */;
			productName = Lottie;
		};
/* End XCSwiftPackageProductDependency section */

/* Begin XCVersionGroup section */
		BEB0680A2995CAD700958EEA /* InventoryApp.xcdatamodeld */ = {
			isa = XCVersionGroup;
			children = (
				BEB0680B2995CAD700958EEA /* InventoryApp.xcdatamodel */,
			);
			currentVersion = BEB0680B2995CAD700958EEA /* InventoryApp.xcdatamodel */;
			path = InventoryApp.xcdatamodeld;
			sourceTree = "<group>";
			versionGroupType = wrapper.xcdatamodel;
		};
/* End XCVersionGroup section */
	};
	rootObject = BEB067FB2995CAD700958EEA /* Project object */;
}
